
Microsoft Visual Studio Solution File, Format Version 12.00
# Visual Studio Version 17
VisualStudioVersion = 17.4.33103.184
MinimumVisualStudioVersion = 10.0.40219.1
Project("{9A19103F-16F7-4668-BE54-9A1E7A4F7556}") = "Redb.OBAC", "Redb.OBAC\Redb.OBAC.csproj", "{6494891C-22BF-49D1-9D8A-C0249A52C3C3}"
EndProject
Project("{9A19103F-16F7-4668-BE54-9A1E7A4F7556}") = "Redb.OBAC.Core", "Redb.OBAC.Core\Redb.OBAC.Core.csproj", "{F2DFA5C5-E7B2-4E4D-9D95-49EF87025A77}"
EndProject
Project("{9A19103F-16F7-4668-BE54-9A1E7A4F7556}") = "Redb.OBAC.Client", "Redb.OBAC.Client\Redb.OBAC.Client.csproj", "{1C886707-441F-4DA9-9106-21FD45D3D151}"
EndProject
Project("{9A19103F-16F7-4668-BE54-9A1E7A4F7556}") = "Redb.OBAC.PgSql", "Redb.OBAC.PgSql\Redb.OBAC.PgSql.csproj", "{3FF6665F-3890-4DC5-B354-7F728549F040}"
EndProject
Project("{9A19103F-16F7-4668-BE54-9A1E7A4F7556}") = "Redb.OBAC.Tests", "Redb.OBAC.Tests\Redb.OBAC.Tests.csproj", "{FB758DAB-A6AB-4DF4-AE49-578133ADE097}"
EndProject
Project("{9A19103F-16F7-4668-BE54-9A1E7A4F7556}") = "Redb.OBAC.ApiHost", "Redb.OBAC.ApiHost\Redb.OBAC.ApiHost.csproj", "{DBFBC502-8D95-4F31-A172-AADF7EF44ED4}"
EndProject
Project("{2150E333-8FDC-42A3-9474-1A3956D46DE8}") = "Examples", "Examples", "{3879A6C5-95DD-4D65-98B5-7ECF5648DA58}"
EndProject
Project("{2150E333-8FDC-42A3-9474-1A3956D46DE8}") = "Redb.OBAC", "Redb.OBAC", "{FCCDC60E-70D7-47B8-8AD4-6A2567C7E965}"
EndProject
Project("{9A19103F-16F7-4668-BE54-9A1E7A4F7556}") = "HelloObacEf", "Examples\HelloObacEf\HelloObacEf.csproj", "{B76CFE82-9E8D-4B84-B410-CCCF45FCF3F4}"
EndProject
Project("{9A19103F-16F7-4668-BE54-9A1E7A4F7556}") = "ObacBench", "Examples\ObacBench\ObacBench.csproj", "{BC19718D-3773-425F-98F7-293769BBA4E0}"
EndProject
Project("{9A19103F-16F7-4668-BE54-9A1E7A4F7556}") = "Redb.OBAC.MySql", "Redb.OBAC.MySql\Redb.OBAC.MySql.csproj", "{5195D352-ECE7-48B1-8867-C6448A68D6BF}"
EndProject
Project("{9A19103F-16F7-4668-BE54-9A1E7A4F7556}") = "Redb.OBAC.MsSql", "Redb.OBAC.MsSql\Redb.OBAC.MsSql.csproj", "{024A7907-A811-48C5-A4B1-D4279A07985A}"
EndProject
Project("{9A19103F-16F7-4668-BE54-9A1E7A4F7556}") = "Redb.OBAC.EF", "Redb.OBAC.EF\Redb.OBAC.EF.csproj", "{7D292E1F-2656-42AF-8A70-21EDA748E5F8}"
EndProject
Project("{9A19103F-16F7-4668-BE54-9A1E7A4F7556}") = "Redb.OBAC.MongoDriver", "Redb.OBAC.MongoDriver\Redb.OBAC.MongoDriver.csproj", "{9BFD65E8-F079-4262-8779-DDF0E9A00824}"
EndProject
Project("{FAE04EC0-301F-11D3-BF4B-00C04F79EFBC}") = "Redb.OBAC.MongoDb", "Redb.OBAC.MongoDb\Redb.OBAC.MongoDb.csproj", "{8E45BFF0-7DD8-4662-AA15-5CBFB24E6287}"
EndProject
Project("{FAE04EC0-301F-11D3-BF4B-00C04F79EFBC}") = "Redb.OBAC.MongoClient", "Redb.OBAC.MongoClient\Redb.OBAC.MongoClient.csproj", "{91BB062A-333F-4837-B670-82D3457F1176}"
EndProject
Project("{FAE04EC0-301F-11D3-BF4B-00C04F79EFBC}") = "Redb.OBAC.ApiClient", "Redb.OBAC.ApiClient\Redb.OBAC.ApiClient.csproj", "{559B161D-5BCE-429A-B227-64F7BAD730CF}"
EndProject
Global
	GlobalSection(SolutionConfigurationPlatforms) = preSolution
		Debug|Any CPU = Debug|Any CPU
		Release|Any CPU = Release|Any CPU
	EndGlobalSection
	GlobalSection(ProjectConfigurationPlatforms) = postSolution
		{6494891C-22BF-49D1-9D8A-C0249A52C3C3}.Debug|Any CPU.ActiveCfg = Debug|Any CPU
		{6494891C-22BF-49D1-9D8A-C0249A52C3C3}.Debug|Any CPU.Build.0 = Debug|Any CPU
		{6494891C-22BF-49D1-9D8A-C0249A52C3C3}.Release|Any CPU.ActiveCfg = Release|Any CPU
		{6494891C-22BF-49D1-9D8A-C0249A52C3C3}.Release|Any CPU.Build.0 = Release|Any CPU
		{F2DFA5C5-E7B2-4E4D-9D95-49EF87025A77}.Debug|Any CPU.ActiveCfg = Debug|Any CPU
		{F2DFA5C5-E7B2-4E4D-9D95-49EF87025A77}.Debug|Any CPU.Build.0 = Debug|Any CPU
		{F2DFA5C5-E7B2-4E4D-9D95-49EF87025A77}.Release|Any CPU.ActiveCfg = Release|Any CPU
		{F2DFA5C5-E7B2-4E4D-9D95-49EF87025A77}.Release|Any CPU.Build.0 = Release|Any CPU
		{1C886707-441F-4DA9-9106-21FD45D3D151}.Debug|Any CPU.ActiveCfg = Debug|Any CPU
		{1C886707-441F-4DA9-9106-21FD45D3D151}.Debug|Any CPU.Build.0 = Debug|Any CPU
		{1C886707-441F-4DA9-9106-21FD45D3D151}.Release|Any CPU.ActiveCfg = Release|Any CPU
		{1C886707-441F-4DA9-9106-21FD45D3D151}.Release|Any CPU.Build.0 = Release|Any CPU
		{3FF6665F-3890-4DC5-B354-7F728549F040}.Debug|Any CPU.ActiveCfg = Debug|Any CPU
		{3FF6665F-3890-4DC5-B354-7F728549F040}.Debug|Any CPU.Build.0 = Debug|Any CPU
		{3FF6665F-3890-4DC5-B354-7F728549F040}.Release|Any CPU.ActiveCfg = Release|Any CPU
		{3FF6665F-3890-4DC5-B354-7F728549F040}.Release|Any CPU.Build.0 = Release|Any CPU
		{FB758DAB-A6AB-4DF4-AE49-578133ADE097}.Debug|Any CPU.ActiveCfg = Debug|Any CPU
		{FB758DAB-A6AB-4DF4-AE49-578133ADE097}.Debug|Any CPU.Build.0 = Debug|Any CPU
		{FB758DAB-A6AB-4DF4-AE49-578133ADE097}.Release|Any CPU.ActiveCfg = Release|Any CPU
		{FB758DAB-A6AB-4DF4-AE49-578133ADE097}.Release|Any CPU.Build.0 = Release|Any CPU
		{DBFBC502-8D95-4F31-A172-AADF7EF44ED4}.Debug|Any CPU.ActiveCfg = Debug|Any CPU
		{DBFBC502-8D95-4F31-A172-AADF7EF44ED4}.Debug|Any CPU.Build.0 = Debug|Any CPU
		{DBFBC502-8D95-4F31-A172-AADF7EF44ED4}.Release|Any CPU.ActiveCfg = Release|Any CPU
		{DBFBC502-8D95-4F31-A172-AADF7EF44ED4}.Release|Any CPU.Build.0 = Release|Any CPU
		{B76CFE82-9E8D-4B84-B410-CCCF45FCF3F4}.Debug|Any CPU.ActiveCfg = Debug|Any CPU
		{B76CFE82-9E8D-4B84-B410-CCCF45FCF3F4}.Debug|Any CPU.Build.0 = Debug|Any CPU
		{B76CFE82-9E8D-4B84-B410-CCCF45FCF3F4}.Release|Any CPU.ActiveCfg = Release|Any CPU
		{B76CFE82-9E8D-4B84-B410-CCCF45FCF3F4}.Release|Any CPU.Build.0 = Release|Any CPU
		{BC19718D-3773-425F-98F7-293769BBA4E0}.Debug|Any CPU.ActiveCfg = Debug|Any CPU
		{BC19718D-3773-425F-98F7-293769BBA4E0}.Debug|Any CPU.Build.0 = Debug|Any CPU
		{BC19718D-3773-425F-98F7-293769BBA4E0}.Release|Any CPU.ActiveCfg = Release|Any CPU
		{BC19718D-3773-425F-98F7-293769BBA4E0}.Release|Any CPU.Build.0 = Release|Any CPU
		{5195D352-ECE7-48B1-8867-C6448A68D6BF}.Debug|Any CPU.ActiveCfg = Debug|Any CPU
		{5195D352-ECE7-48B1-8867-C6448A68D6BF}.Debug|Any CPU.Build.0 = Debug|Any CPU
		{5195D352-ECE7-48B1-8867-C6448A68D6BF}.Release|Any CPU.ActiveCfg = Release|Any CPU
		{5195D352-ECE7-48B1-8867-C6448A68D6BF}.Release|Any CPU.Build.0 = Release|Any CPU
		{024A7907-A811-48C5-A4B1-D4279A07985A}.Debug|Any CPU.ActiveCfg = Debug|Any CPU
		{024A7907-A811-48C5-A4B1-D4279A07985A}.Debug|Any CPU.Build.0 = Debug|Any CPU
		{024A7907-A811-48C5-A4B1-D4279A07985A}.Release|Any CPU.ActiveCfg = Release|Any CPU
		{024A7907-A811-48C5-A4B1-D4279A07985A}.Release|Any CPU.Build.0 = Release|Any CPU
		{7D292E1F-2656-42AF-8A70-21EDA748E5F8}.Debug|Any CPU.ActiveCfg = Debug|Any CPU
		{7D292E1F-2656-42AF-8A70-21EDA748E5F8}.Debug|Any CPU.Build.0 = Debug|Any CPU
		{7D292E1F-2656-42AF-8A70-21EDA748E5F8}.Release|Any CPU.ActiveCfg = Release|Any CPU
		{7D292E1F-2656-42AF-8A70-21EDA748E5F8}.Release|Any CPU.Build.0 = Release|Any CPU
		{9BFD65E8-F079-4262-8779-DDF0E9A00824}.Debug|Any CPU.ActiveCfg = Debug|Any CPU
		{9BFD65E8-F079-4262-8779-DDF0E9A00824}.Debug|Any CPU.Build.0 = Debug|Any CPU
		{9BFD65E8-F079-4262-8779-DDF0E9A00824}.Release|Any CPU.ActiveCfg = Release|Any CPU
		{9BFD65E8-F079-4262-8779-DDF0E9A00824}.Release|Any CPU.Build.0 = Release|Any CPU
		{8E45BFF0-7DD8-4662-AA15-5CBFB24E6287}.Debug|Any CPU.ActiveCfg = Debug|Any CPU
		{8E45BFF0-7DD8-4662-AA15-5CBFB24E6287}.Debug|Any CPU.Build.0 = Debug|Any CPU
		{8E45BFF0-7DD8-4662-AA15-5CBFB24E6287}.Release|Any CPU.ActiveCfg = Release|Any CPU
		{8E45BFF0-7DD8-4662-AA15-5CBFB24E6287}.Release|Any CPU.Build.0 = Release|Any CPU
		{91BB062A-333F-4837-B670-82D3457F1176}.Debug|Any CPU.ActiveCfg = Debug|Any CPU
		{91BB062A-333F-4837-B670-82D3457F1176}.Debug|Any CPU.Build.0 = Debug|Any CPU
		{91BB062A-333F-4837-B670-82D3457F1176}.Release|Any CPU.ActiveCfg = Release|Any CPU
		{91BB062A-333F-4837-B670-82D3457F1176}.Release|Any CPU.Build.0 = Release|Any CPU
		{559B161D-5BCE-429A-B227-64F7BAD730CF}.Debug|Any CPU.ActiveCfg = Debug|Any CPU
		{559B161D-5BCE-429A-B227-64F7BAD730CF}.Debug|Any CPU.Build.0 = Debug|Any CPU
		{559B161D-5BCE-429A-B227-64F7BAD730CF}.Release|Any CPU.ActiveCfg = Release|Any CPU
		{559B161D-5BCE-429A-B227-64F7BAD730CF}.Release|Any CPU.Build.0 = Release|Any CPU
	EndGlobalSection
	GlobalSection(SolutionProperties) = preSolution
		HideSolutionNode = FALSE
	EndGlobalSection
	GlobalSection(NestedProjects) = preSolution
		{6494891C-22BF-49D1-9D8A-C0249A52C3C3} = {FCCDC60E-70D7-47B8-8AD4-6A2567C7E965}
		{F2DFA5C5-E7B2-4E4D-9D95-49EF87025A77} = {FCCDC60E-70D7-47B8-8AD4-6A2567C7E965}
		{1C886707-441F-4DA9-9106-21FD45D3D151} = {FCCDC60E-70D7-47B8-8AD4-6A2567C7E965}
		{3FF6665F-3890-4DC5-B354-7F728549F040} = {FCCDC60E-70D7-47B8-8AD4-6A2567C7E965}
		{FB758DAB-A6AB-4DF4-AE49-578133ADE097} = {FCCDC60E-70D7-47B8-8AD4-6A2567C7E965}
		{DBFBC502-8D95-4F31-A172-AADF7EF44ED4} = {FCCDC60E-70D7-47B8-8AD4-6A2567C7E965}
		{B76CFE82-9E8D-4B84-B410-CCCF45FCF3F4} = {3879A6C5-95DD-4D65-98B5-7ECF5648DA58}
		{BC19718D-3773-425F-98F7-293769BBA4E0} = {3879A6C5-95DD-4D65-98B5-7ECF5648DA58}
		{5195D352-ECE7-48B1-8867-C6448A68D6BF} = {FCCDC60E-70D7-47B8-8AD4-6A2567C7E965}
		{024A7907-A811-48C5-A4B1-D4279A07985A} = {FCCDC60E-70D7-47B8-8AD4-6A2567C7E965}
		{7D292E1F-2656-42AF-8A70-21EDA748E5F8} = {FCCDC60E-70D7-47B8-8AD4-6A2567C7E965}
		{9BFD65E8-F079-4262-8779-DDF0E9A00824} = {FCCDC60E-70D7-47B8-8AD4-6A2567C7E965}
		{8E45BFF0-7DD8-4662-AA15-5CBFB24E6287} = {FCCDC60E-70D7-47B8-8AD4-6A2567C7E965}
		{91BB062A-333F-4837-B670-82D3457F1176} = {FCCDC60E-70D7-47B8-8AD4-6A2567C7E965}
		{559B161D-5BCE-429A-B227-64F7BAD730CF} = {FCCDC60E-70D7-47B8-8AD4-6A2567C7E965}
	EndGlobalSection
	GlobalSection(ExtensibilityGlobals) = postSolution
		SolutionGuid = {0F5046BC-9141-4AD3-A8C8-91FEC0B5D70E}
	EndGlobalSection
EndGlobal
